
Microsoft Visual Studio Solution File, Format Version 12.00
# Visual Studio 15
Project("{FAE04EC0-301F-11D3-BF4B-00C04F79EFBC}") = "Assembly-CSharp", "Assembly-CSharp.csproj", "{00C42777-10E6-BED5-C24E-D3348C0E75EF}"
EndProject
Project("{FAE04EC0-301F-11D3-BF4B-00C04F79EFBC}") = "spine-unity-examples", "spine-unity-examples.csproj", "{7E25FBA3-2AF8-D0C8-2156-996765EE200B}"
EndProject
Project("{FAE04EC0-301F-11D3-BF4B-00C04F79EFBC}") = "spine-unity", "spine-unity.csproj", "{AE1588A7-0B86-751B-372E-86E6AD8D747D}"
EndProject
Project("{FAE04EC0-301F-11D3-BF4B-00C04F79EFBC}") = "Assembly-CSharp-Editor", "Assembly-CSharp-Editor.csproj", "{8292EE31-6F00-9EA2-AF76-7EAC5CE4E000}"
EndProject
Project("{FAE04EC0-301F-11D3-BF4B-00C04F79EFBC}") = "spine-unity-editor", "spine-unity-editor.csproj", "{82B724D4-ACC0-5FAC-C623-D985D4DE777B}"
EndProject
Project("{FAE04EC0-301F-11D3-BF4B-00C04F79EFBC}") = "spine-unity-examples-editor", "spine-unity-examples-editor.csproj", "{EF8FA2B8-15E5-97FD-D97B-ECA8F76800F4}"
EndProject
Global
	GlobalSection(SolutionConfigurationPlatforms) = preSolution
		Debug|Any CPU = Debug|Any CPU
		Release|Any CPU = Release|Any CPU
	EndGlobalSection
	GlobalSection(ProjectConfigurationPlatforms) = postSolution
		{00C42777-10E6-BED5-C24E-D3348C0E75EF}.Debug|Any CPU.ActiveCfg = Debug|Any CPU
		{00C42777-10E6-BED5-C24E-D3348C0E75EF}.Debug|Any CPU.Build.0 = Debug|Any CPU
		{00C42777-10E6-BED5-C24E-D3348C0E75EF}.Release|Any CPU.ActiveCfg = Release|Any CPU
		{00C42777-10E6-BED5-C24E-D3348C0E75EF}.Release|Any CPU.Build.0 = Release|Any CPU
		{7E25FBA3-2AF8-D0C8-2156-996765EE200B}.Debug|Any CPU.ActiveCfg = Debug|Any CPU
		{7E25FBA3-2AF8-D0C8-2156-996765EE200B}.Debug|Any CPU.Build.0 = Debug|Any CPU
		{7E25FBA3-2AF8-D0C8-2156-996765EE200B}.Release|Any CPU.ActiveCfg = Release|Any CPU
		{7E25FBA3-2AF8-D0C8-2156-996765EE200B}.Release|Any CPU.Build.0 = Release|Any CPU
		{AE1588A7-0B86-751B-372E-86E6AD8D747D}.Debug|Any CPU.ActiveCfg = Debug|Any CPU
		{AE1588A7-0B86-751B-372E-86E6AD8D747D}.Debug|Any CPU.Build.0 = Debug|Any CPU
		{AE1588A7-0B86-751B-372E-86E6AD8D747D}.Release|Any CPU.ActiveCfg = Release|Any CPU
		{AE1588A7-0B86-751B-372E-86E6AD8D747D}.Release|Any CPU.Build.0 = Release|Any CPU
		{8292EE31-6F00-9EA2-AF76-7EAC5CE4E000}.Debug|Any CPU.ActiveCfg = Debug|Any CPU
		{8292EE31-6F00-9EA2-AF76-7EAC5CE4E000}.Debug|Any CPU.Build.0 = Debug|Any CPU
		{8292EE31-6F00-9EA2-AF76-7EAC5CE4E000}.Release|Any CPU.ActiveCfg = Release|Any CPU
		{8292EE31-6F00-9EA2-AF76-7EAC5CE4E000}.Release|Any CPU.Build.0 = Release|Any CPU
		{82B724D4-ACC0-5FAC-C623-D985D4DE777B}.Debug|Any CPU.ActiveCfg = Debug|Any CPU
		{82B724D4-ACC0-5FAC-C623-D985D4DE777B}.Debug|Any CPU.Build.0 = Debug|Any CPU
		{82B724D4-ACC0-5FAC-C623-D985D4DE777B}.Release|Any CPU.ActiveCfg = Release|Any CPU
		{82B724D4-ACC0-5FAC-C623-D985D4DE777B}.Release|Any CPU.Build.0 = Release|Any CPU
		{EF8FA2B8-15E5-97FD-D97B-ECA8F76800F4}.Debug|Any CPU.ActiveCfg = Debug|Any CPU
		{EF8FA2B8-15E5-97FD-D97B-ECA8F76800F4}.Debug|Any CPU.Build.0 = Debug|Any CPU
		{EF8FA2B8-15E5-97FD-D97B-ECA8F76800F4}.Release|Any CPU.ActiveCfg = Release|Any CPU
		{EF8FA2B8-15E5-97FD-D97B-ECA8F76800F4}.Release|Any CPU.Build.0 = Release|Any CPU
	EndGlobalSection
	GlobalSection(SolutionProperties) = preSolution
		HideSolutionNode = FALSE
	EndGlobalSection
EndGlobal
